// !$*UTF8*$!
{
	archiveVersion = 1;
	classes = {
	};
	objectVersion = 46;
	objects = {

/* Begin PBXBuildFile section */
		25804DB81C23AD4200DDFB8E /* Stage3.swift in Sources */ = {isa = PBXBuildFile; fileRef = 25804DB71C23AD4200DDFB8E /* Stage3.swift */; };
		25804DBA1C23B0D100DDFB8E /* HintLabel.swift in Sources */ = {isa = PBXBuildFile; fileRef = 25804DB91C23B0D100DDFB8E /* HintLabel.swift */; };
		25804DBC1C2407DA00DDFB8E /* Stage4.swift in Sources */ = {isa = PBXBuildFile; fileRef = 25804DBB1C2407DA00DDFB8E /* Stage4.swift */; };
		25804DBE1C240F5A00DDFB8E /* Obstacle.swift in Sources */ = {isa = PBXBuildFile; fileRef = 25804DBD1C240F5A00DDFB8E /* Obstacle.swift */; };
		25804DC01C241B9300DDFB8E /* Stage5.swift in Sources */ = {isa = PBXBuildFile; fileRef = 25804DBF1C241B9300DDFB8E /* Stage5.swift */; };
		2597295F1C2006C300432C27 /* StartScene.swift in Sources */ = {isa = PBXBuildFile; fileRef = 2597295E1C2006C300432C27 /* StartScene.swift */; };
		259729611C200A0D00432C27 /* StageSelectScene.swift in Sources */ = {isa = PBXBuildFile; fileRef = 259729601C200A0D00432C27 /* StageSelectScene.swift */; };
		259729631C20196E00432C27 /* SceneManager.swift in Sources */ = {isa = PBXBuildFile; fileRef = 259729621C20196E00432C27 /* SceneManager.swift */; };
		259729651C201A3100432C27 /* ChangeSceneProtocol.swift in Sources */ = {isa = PBXBuildFile; fileRef = 259729641C201A3100432C27 /* ChangeSceneProtocol.swift */; };
		259729681C2022B500432C27 /* GameViewController.swift in Sources */ = {isa = PBXBuildFile; fileRef = 259729671C2022B500432C27 /* GameViewController.swift */; };
		2597296C1C22B85A00432C27 /* PlayerBall.swift in Sources */ = {isa = PBXBuildFile; fileRef = 2597296B1C22B85A00432C27 /* PlayerBall.swift */; };
		2597296E1C22BB7900432C27 /* GoalArea.swift in Sources */ = {isa = PBXBuildFile; fileRef = 2597296D1C22BB7900432C27 /* GoalArea.swift */; };
		259729711C22BD2500432C27 /* Stage1.swift in Sources */ = {isa = PBXBuildFile; fileRef = 259729701C22BD2500432C27 /* Stage1.swift */; };
		259729731C22C06800432C27 /* BaseStage.swift in Sources */ = {isa = PBXBuildFile; fileRef = 259729721C22C06800432C27 /* BaseStage.swift */; };
		259729761C22C58800432C27 /* FadeInOutLabel.swift in Sources */ = {isa = PBXBuildFile; fileRef = 259729751C22C58800432C27 /* FadeInOutLabel.swift */; };
		259729781C22C6D800432C27 /* ClearLabel.swift in Sources */ = {isa = PBXBuildFile; fileRef = 259729771C22C6D800432C27 /* ClearLabel.swift */; };
		2597297A1C22CCE200432C27 /* GameScene.swift in Sources */ = {isa = PBXBuildFile; fileRef = 259729791C22CCE200432C27 /* GameScene.swift */; };
		2597297C1C23998500432C27 /* Stage2.swift in Sources */ = {isa = PBXBuildFile; fileRef = 2597297B1C23998500432C27 /* Stage2.swift */; };
		25B4CEFD1C1D2D6600E6E9C7 /* AppDelegate.swift in Sources */ = {isa = PBXBuildFile; fileRef = 25B4CEFC1C1D2D6600E6E9C7 /* AppDelegate.swift */; };
		25B4CF061C1D2D6600E6E9C7 /* Main.storyboard in Resources */ = {isa = PBXBuildFile; fileRef = 25B4CF041C1D2D6600E6E9C7 /* Main.storyboard */; };
		25B4CF081C1D2D6600E6E9C7 /* Assets.xcassets in Resources */ = {isa = PBXBuildFile; fileRef = 25B4CF071C1D2D6600E6E9C7 /* Assets.xcassets */; };
		25B4CF0B1C1D2D6600E6E9C7 /* LaunchScreen.storyboard in Resources */ = {isa = PBXBuildFile; fileRef = 25B4CF091C1D2D6600E6E9C7 /* LaunchScreen.storyboard */; };
		25B4CF161C1D2D6600E6E9C7 /* ColoplGameTests.swift in Sources */ = {isa = PBXBuildFile; fileRef = 25B4CF151C1D2D6600E6E9C7 /* ColoplGameTests.swift */; };
		25B4CF211C1D2D6600E6E9C7 /* ColoplGameUITests.swift in Sources */ = {isa = PBXBuildFile; fileRef = 25B4CF201C1D2D6600E6E9C7 /* ColoplGameUITests.swift */; };
		25B4CF321C1D2F3E00E6E9C7 /* MyCMMotionManager.swift in Sources */ = {isa = PBXBuildFile; fileRef = 25B4CF311C1D2F3E00E6E9C7 /* MyCMMotionManager.swift */; };
		25B4CF341C1D317A00E6E9C7 /* CoreMotion.framework in Frameworks */ = {isa = PBXBuildFile; fileRef = 25B4CF331C1D317A00E6E9C7 /* CoreMotion.framework */; };
/* End PBXBuildFile section */

/* Begin PBXContainerItemProxy section */
		25B4CF121C1D2D6600E6E9C7 /* PBXContainerItemProxy */ = {
			isa = PBXContainerItemProxy;
			containerPortal = 25B4CEF11C1D2D6600E6E9C7 /* Project object */;
			proxyType = 1;
			remoteGlobalIDString = 25B4CEF81C1D2D6600E6E9C7;
			remoteInfo = ColoplGame;
		};
		25B4CF1D1C1D2D6600E6E9C7 /* PBXContainerItemProxy */ = {
			isa = PBXContainerItemProxy;
			containerPortal = 25B4CEF11C1D2D6600E6E9C7 /* Project object */;
			proxyType = 1;
			remoteGlobalIDString = 25B4CEF81C1D2D6600E6E9C7;
			remoteInfo = ColoplGame;
		};
/* End PBXContainerItemProxy section */

/* Begin PBXFileReference section */
		25804DB71C23AD4200DDFB8E /* Stage3.swift */ = {isa = PBXFileReference; fileEncoding = 4; lastKnownFileType = sourcecode.swift; path = Stage3.swift; sourceTree = "<group>"; };
		25804DB91C23B0D100DDFB8E /* HintLabel.swift */ = {isa = PBXFileReference; fileEncoding = 4; lastKnownFileType = sourcecode.swift; path = HintLabel.swift; sourceTree = "<group>"; };
		25804DBB1C2407DA00DDFB8E /* Stage4.swift */ = {isa = PBXFileReference; fileEncoding = 4; lastKnownFileType = sourcecode.swift; path = Stage4.swift; sourceTree = "<group>"; };
		25804DBD1C240F5A00DDFB8E /* Obstacle.swift */ = {isa = PBXFileReference; fileEncoding = 4; lastKnownFileType = sourcecode.swift; path = Obstacle.swift; sourceTree = "<group>"; };
		25804DBF1C241B9300DDFB8E /* Stage5.swift */ = {isa = PBXFileReference; fileEncoding = 4; lastKnownFileType = sourcecode.swift; path = Stage5.swift; sourceTree = "<group>"; };
		2597295E1C2006C300432C27 /* StartScene.swift */ = {isa = PBXFileReference; fileEncoding = 4; lastKnownFileType = sourcecode.swift; path = StartScene.swift; sourceTree = "<group>"; };
		259729601C200A0D00432C27 /* StageSelectScene.swift */ = {isa = PBXFileReference; fileEncoding = 4; lastKnownFileType = sourcecode.swift; path = StageSelectScene.swift; sourceTree = "<group>"; };
		259729621C20196E00432C27 /* SceneManager.swift */ = {isa = PBXFileReference; fileEncoding = 4; lastKnownFileType = sourcecode.swift; path = SceneManager.swift; sourceTree = "<group>"; };
		259729641C201A3100432C27 /* ChangeSceneProtocol.swift */ = {isa = PBXFileReference; fileEncoding = 4; lastKnownFileType = sourcecode.swift; path = ChangeSceneProtocol.swift; sourceTree = "<group>"; };
		259729671C2022B500432C27 /* GameViewController.swift */ = {isa = PBXFileReference; fileEncoding = 4; lastKnownFileType = sourcecode.swift; path = GameViewController.swift; sourceTree = "<group>"; };
		2597296B1C22B85A00432C27 /* PlayerBall.swift */ = {isa = PBXFileReference; fileEncoding = 4; lastKnownFileType = sourcecode.swift; path = PlayerBall.swift; sourceTree = "<group>"; };
		2597296D1C22BB7900432C27 /* GoalArea.swift */ = {isa = PBXFileReference; fileEncoding = 4; lastKnownFileType = sourcecode.swift; path = GoalArea.swift; sourceTree = "<group>"; };
		259729701C22BD2500432C27 /* Stage1.swift */ = {isa = PBXFileReference; fileEncoding = 4; lastKnownFileType = sourcecode.swift; path = Stage1.swift; sourceTree = "<group>"; };
		259729721C22C06800432C27 /* BaseStage.swift */ = {isa = PBXFileReference; fileEncoding = 4; lastKnownFileType = sourcecode.swift; path = BaseStage.swift; sourceTree = "<group>"; };
		259729751C22C58800432C27 /* FadeInOutLabel.swift */ = {isa = PBXFileReference; fileEncoding = 4; lastKnownFileType = sourcecode.swift; path = FadeInOutLabel.swift; sourceTree = "<group>"; };
		259729771C22C6D800432C27 /* ClearLabel.swift */ = {isa = PBXFileReference; fileEncoding = 4; lastKnownFileType = sourcecode.swift; path = ClearLabel.swift; sourceTree = "<group>"; };
		259729791C22CCE200432C27 /* GameScene.swift */ = {isa = PBXFileReference; fileEncoding = 4; lastKnownFileType = sourcecode.swift; path = GameScene.swift; sourceTree = "<group>"; };
		2597297B1C23998500432C27 /* Stage2.swift */ = {isa = PBXFileReference; fileEncoding = 4; lastKnownFileType = sourcecode.swift; path = Stage2.swift; sourceTree = "<group>"; };
		25B4CEF91C1D2D6600E6E9C7 /* ColoplGame.app */ = {isa = PBXFileReference; explicitFileType = wrapper.application; includeInIndex = 0; path = ColoplGame.app; sourceTree = BUILT_PRODUCTS_DIR; };
		25B4CEFC1C1D2D6600E6E9C7 /* AppDelegate.swift */ = {isa = PBXFileReference; lastKnownFileType = sourcecode.swift; path = AppDelegate.swift; sourceTree = "<group>"; };
		25B4CF051C1D2D6600E6E9C7 /* Base */ = {isa = PBXFileReference; lastKnownFileType = file.storyboard; name = Base; path = Base.lproj/Main.storyboard; sourceTree = "<group>"; };
		25B4CF071C1D2D6600E6E9C7 /* Assets.xcassets */ = {isa = PBXFileReference; lastKnownFileType = folder.assetcatalog; path = Assets.xcassets; sourceTree = "<group>"; };
		25B4CF0A1C1D2D6600E6E9C7 /* Base */ = {isa = PBXFileReference; lastKnownFileType = file.storyboard; name = Base; path = Base.lproj/LaunchScreen.storyboard; sourceTree = "<group>"; };
		25B4CF0C1C1D2D6600E6E9C7 /* Info.plist */ = {isa = PBXFileReference; lastKnownFileType = text.plist.xml; path = Info.plist; sourceTree = "<group>"; };
		25B4CF111C1D2D6600E6E9C7 /* ColoplGameTests.xctest */ = {isa = PBXFileReference; explicitFileType = wrapper.cfbundle; includeInIndex = 0; path = ColoplGameTests.xctest; sourceTree = BUILT_PRODUCTS_DIR; };
		25B4CF151C1D2D6600E6E9C7 /* ColoplGameTests.swift */ = {isa = PBXFileReference; lastKnownFileType = sourcecode.swift; path = ColoplGameTests.swift; sourceTree = "<group>"; };
		25B4CF171C1D2D6600E6E9C7 /* Info.plist */ = {isa = PBXFileReference; lastKnownFileType = text.plist.xml; path = Info.plist; sourceTree = "<group>"; };
		25B4CF1C1C1D2D6600E6E9C7 /* ColoplGameUITests.xctest */ = {isa = PBXFileReference; explicitFileType = wrapper.cfbundle; includeInIndex = 0; path = ColoplGameUITests.xctest; sourceTree = BUILT_PRODUCTS_DIR; };
		25B4CF201C1D2D6600E6E9C7 /* ColoplGameUITests.swift */ = {isa = PBXFileReference; lastKnownFileType = sourcecode.swift; path = ColoplGameUITests.swift; sourceTree = "<group>"; };
		25B4CF221C1D2D6600E6E9C7 /* Info.plist */ = {isa = PBXFileReference; lastKnownFileType = text.plist.xml; path = Info.plist; sourceTree = "<group>"; };
		25B4CF311C1D2F3E00E6E9C7 /* MyCMMotionManager.swift */ = {isa = PBXFileReference; fileEncoding = 4; lastKnownFileType = sourcecode.swift; path = MyCMMotionManager.swift; sourceTree = "<group>"; };
		25B4CF331C1D317A00E6E9C7 /* CoreMotion.framework */ = {isa = PBXFileReference; lastKnownFileType = wrapper.framework; name = CoreMotion.framework; path = System/Library/Frameworks/CoreMotion.framework; sourceTree = SDKROOT; };
/* End PBXFileReference section */

/* Begin PBXFrameworksBuildPhase section */
		25B4CEF61C1D2D6600E6E9C7 /* Frameworks */ = {
			isa = PBXFrameworksBuildPhase;
			buildActionMask = 2147483647;
			files = (
				25B4CF341C1D317A00E6E9C7 /* CoreMotion.framework in Frameworks */,
			);
			runOnlyForDeploymentPostprocessing = 0;
		};
		25B4CF0E1C1D2D6600E6E9C7 /* Frameworks */ = {
			isa = PBXFrameworksBuildPhase;
			buildActionMask = 2147483647;
			files = (
			);
			runOnlyForDeploymentPostprocessing = 0;
		};
		25B4CF191C1D2D6600E6E9C7 /* Frameworks */ = {
			isa = PBXFrameworksBuildPhase;
			buildActionMask = 2147483647;
			files = (
			);
			runOnlyForDeploymentPostprocessing = 0;
		};
/* End PBXFrameworksBuildPhase section */

/* Begin PBXGroup section */
		2597295D1C2006B200432C27 /* Scene */ = {
			isa = PBXGroup;
			children = (
				2597295E1C2006C300432C27 /* StartScene.swift */,
				259729601C200A0D00432C27 /* StageSelectScene.swift */,
			);
			name = Scene;
			sourceTree = "<group>";
		};
		259729661C20202600432C27 /* Protocol */ = {
			isa = PBXGroup;
			children = (
				259729641C201A3100432C27 /* ChangeSceneProtocol.swift */,
			);
			name = Protocol;
			sourceTree = "<group>";
		};
		259729691C2022D000432C27 /* Controller */ = {
			isa = PBXGroup;
			children = (
				259729671C2022B500432C27 /* GameViewController.swift */,
			);
			name = Controller;
			sourceTree = "<group>";
		};
		2597296A1C22B81700432C27 /* Model */ = {
			isa = PBXGroup;
			children = (
				2597296B1C22B85A00432C27 /* PlayerBall.swift */,
				2597296D1C22BB7900432C27 /* GoalArea.swift */,
				25804DBD1C240F5A00DDFB8E /* Obstacle.swift */,
			);
			name = Model;
			sourceTree = "<group>";
		};
		2597296F1C22BD1600432C27 /* Stage */ = {
			isa = PBXGroup;
			children = (
				259729701C22BD2500432C27 /* Stage1.swift */,
				259729721C22C06800432C27 /* BaseStage.swift */,
				2597297B1C23998500432C27 /* Stage2.swift */,
				25804DB71C23AD4200DDFB8E /* Stage3.swift */,
				25804DBB1C2407DA00DDFB8E /* Stage4.swift */,
				25804DBF1C241B9300DDFB8E /* Stage5.swift */,
			);
			name = Stage;
			sourceTree = "<group>";
		};
		259729741C22C57600432C27 /* View */ = {
			isa = PBXGroup;
			children = (
				259729751C22C58800432C27 /* FadeInOutLabel.swift */,
				259729771C22C6D800432C27 /* ClearLabel.swift */,
				25804DB91C23B0D100DDFB8E /* HintLabel.swift */,
			);
			name = View;
			sourceTree = "<group>";
		};
		25B4CEF01C1D2D6600E6E9C7 = {
			isa = PBXGroup;
			children = (
				25B4CF331C1D317A00E6E9C7 /* CoreMotion.framework */,
				25B4CEFB1C1D2D6600E6E9C7 /* ColoplGame */,
				25B4CF141C1D2D6600E6E9C7 /* ColoplGameTests */,
				25B4CF1F1C1D2D6600E6E9C7 /* ColoplGameUITests */,
				25B4CEFA1C1D2D6600E6E9C7 /* Products */,
			);
			sourceTree = "<group>";
		};
		25B4CEFA1C1D2D6600E6E9C7 /* Products */ = {
			isa = PBXGroup;
			children = (
				25B4CEF91C1D2D6600E6E9C7 /* ColoplGame.app */,
				25B4CF111C1D2D6600E6E9C7 /* ColoplGameTests.xctest */,
				25B4CF1C1C1D2D6600E6E9C7 /* ColoplGameUITests.xctest */,
			);
			name = Products;
			sourceTree = "<group>";
		};
		25B4CEFB1C1D2D6600E6E9C7 /* ColoplGame */ = {
			isa = PBXGroup;
			children = (
				25B4CF0C1C1D2D6600E6E9C7 /* Info.plist */,
				25B4CEFC1C1D2D6600E6E9C7 /* AppDelegate.swift */,
				259729791C22CCE200432C27 /* GameScene.swift */,
				25B4CF071C1D2D6600E6E9C7 /* Assets.xcassets */,
				259729691C2022D000432C27 /* Controller */,
				25B4CF091C1D2D6600E6E9C7 /* LaunchScreen.storyboard */,
				25B4CF041C1D2D6600E6E9C7 /* Main.storyboard */,
				25B4CF2E1C1D2F0700E6E9C7 /* Manager */,
				2597296A1C22B81700432C27 /* Model */,
				259729661C20202600432C27 /* Protocol */,
				2597295D1C2006B200432C27 /* Scene */,
				2597296F1C22BD1600432C27 /* Stage */,
				259729741C22C57600432C27 /* View */,
			);
			path = ColoplGame;
			sourceTree = "<group>";
		};
		25B4CF141C1D2D6600E6E9C7 /* ColoplGameTests */ = {
			isa = PBXGroup;
			children = (
				25B4CF151C1D2D6600E6E9C7 /* ColoplGameTests.swift */,
				25B4CF171C1D2D6600E6E9C7 /* Info.plist */,
			);
			path = ColoplGameTests;
			sourceTree = "<group>";
		};
		25B4CF1F1C1D2D6600E6E9C7 /* ColoplGameUITests */ = {
			isa = PBXGroup;
			children = (
				25B4CF201C1D2D6600E6E9C7 /* ColoplGameUITests.swift */,
				25B4CF221C1D2D6600E6E9C7 /* Info.plist */,
			);
			path = ColoplGameUITests;
			sourceTree = "<group>";
		};
		25B4CF2E1C1D2F0700E6E9C7 /* Manager */ = {
			isa = PBXGroup;
			children = (
				25B4CF311C1D2F3E00E6E9C7 /* MyCMMotionManager.swift */,
				259729621C20196E00432C27 /* SceneManager.swift */,
			);
			name = Manager;
			sourceTree = "<group>";
		};
/* End PBXGroup section */

/* Begin PBXNativeTarget section */
		25B4CEF81C1D2D6600E6E9C7 /* ColoplGame */ = {
			isa = PBXNativeTarget;
			buildConfigurationList = 25B4CF251C1D2D6600E6E9C7 /* Build configuration list for PBXNativeTarget "ColoplGame" */;
			buildPhases = (
				25B4CEF51C1D2D6600E6E9C7 /* Sources */,
				25B4CEF61C1D2D6600E6E9C7 /* Frameworks */,
				25B4CEF71C1D2D6600E6E9C7 /* Resources */,
			);
			buildRules = (
			);
			dependencies = (
			);
			name = ColoplGame;
			productName = ColoplGame;
			productReference = 25B4CEF91C1D2D6600E6E9C7 /* ColoplGame.app */;
			productType = "com.apple.product-type.application";
		};
		25B4CF101C1D2D6600E6E9C7 /* ColoplGameTests */ = {
			isa = PBXNativeTarget;
			buildConfigurationList = 25B4CF281C1D2D6600E6E9C7 /* Build configuration list for PBXNativeTarget "ColoplGameTests" */;
			buildPhases = (
				25B4CF0D1C1D2D6600E6E9C7 /* Sources */,
				25B4CF0E1C1D2D6600E6E9C7 /* Frameworks */,
				25B4CF0F1C1D2D6600E6E9C7 /* Resources */,
			);
			buildRules = (
			);
			dependencies = (
				25B4CF131C1D2D6600E6E9C7 /* PBXTargetDependency */,
			);
			name = ColoplGameTests;
			productName = ColoplGameTests;
			productReference = 25B4CF111C1D2D6600E6E9C7 /* ColoplGameTests.xctest */;
			productType = "com.apple.product-type.bundle.unit-test";
		};
		25B4CF1B1C1D2D6600E6E9C7 /* ColoplGameUITests */ = {
			isa = PBXNativeTarget;
			buildConfigurationList = 25B4CF2B1C1D2D6600E6E9C7 /* Build configuration list for PBXNativeTarget "ColoplGameUITests" */;
			buildPhases = (
				25B4CF181C1D2D6600E6E9C7 /* Sources */,
				25B4CF191C1D2D6600E6E9C7 /* Frameworks */,
				25B4CF1A1C1D2D6600E6E9C7 /* Resources */,
			);
			buildRules = (
			);
			dependencies = (
				25B4CF1E1C1D2D6600E6E9C7 /* PBXTargetDependency */,
			);
			name = ColoplGameUITests;
			productName = ColoplGameUITests;
			productReference = 25B4CF1C1C1D2D6600E6E9C7 /* ColoplGameUITests.xctest */;
			productType = "com.apple.product-type.bundle.ui-testing";
		};
/* End PBXNativeTarget section */

/* Begin PBXProject section */
		25B4CEF11C1D2D6600E6E9C7 /* Project object */ = {
			isa = PBXProject;
			attributes = {
				LastSwiftUpdateCheck = 0710;
				LastUpgradeCheck = 0710;
				ORGANIZATIONNAME = ToruNakandakari;
				TargetAttributes = {
					25B4CEF81C1D2D6600E6E9C7 = {
						CreatedOnToolsVersion = 7.1.1;
					};
					25B4CF101C1D2D6600E6E9C7 = {
						CreatedOnToolsVersion = 7.1.1;
						TestTargetID = 25B4CEF81C1D2D6600E6E9C7;
					};
					25B4CF1B1C1D2D6600E6E9C7 = {
						CreatedOnToolsVersion = 7.1.1;
						TestTargetID = 25B4CEF81C1D2D6600E6E9C7;
					};
				};
			};
			buildConfigurationList = 25B4CEF41C1D2D6600E6E9C7 /* Build configuration list for PBXProject "ColoplGame" */;
			compatibilityVersion = "Xcode 3.2";
			developmentRegion = English;
			hasScannedForEncodings = 0;
			knownRegions = (
				en,
				Base,
			);
			mainGroup = 25B4CEF01C1D2D6600E6E9C7;
			productRefGroup = 25B4CEFA1C1D2D6600E6E9C7 /* Products */;
			projectDirPath = "";
			projectRoot = "";
			targets = (
				25B4CEF81C1D2D6600E6E9C7 /* ColoplGame */,
				25B4CF101C1D2D6600E6E9C7 /* ColoplGameTests */,
				25B4CF1B1C1D2D6600E6E9C7 /* ColoplGameUITests */,
			);
		};
/* End PBXProject section */

/* Begin PBXResourcesBuildPhase section */
		25B4CEF71C1D2D6600E6E9C7 /* Resources */ = {
			isa = PBXResourcesBuildPhase;
			buildActionMask = 2147483647;
			files = (
				25B4CF0B1C1D2D6600E6E9C7 /* LaunchScreen.storyboard in Resources */,
				25B4CF081C1D2D6600E6E9C7 /* Assets.xcassets in Resources */,
				25B4CF061C1D2D6600E6E9C7 /* Main.storyboard in Resources */,
			);
			runOnlyForDeploymentPostprocessing = 0;
		};
		25B4CF0F1C1D2D6600E6E9C7 /* Resources */ = {
			isa = PBXResourcesBuildPhase;
			buildActionMask = 2147483647;
			files = (
			);
			runOnlyForDeploymentPostprocessing = 0;
		};
		25B4CF1A1C1D2D6600E6E9C7 /* Resources */ = {
			isa = PBXResourcesBuildPhase;
			buildActionMask = 2147483647;
			files = (
			);
			runOnlyForDeploymentPostprocessing = 0;
		};
/* End PBXResourcesBuildPhase section */

/* Begin PBXSourcesBuildPhase section */
		25B4CEF51C1D2D6600E6E9C7 /* Sources */ = {
			isa = PBXSourcesBuildPhase;
			buildActionMask = 2147483647;
			files = (
				259729781C22C6D800432C27 /* ClearLabel.swift in Sources */,
				2597295F1C2006C300432C27 /* StartScene.swift in Sources */,
				259729731C22C06800432C27 /* BaseStage.swift in Sources */,
				259729611C200A0D00432C27 /* StageSelectScene.swift in Sources */,
				25B4CF321C1D2F3E00E6E9C7 /* MyCMMotionManager.swift in Sources */,
				259729761C22C58800432C27 /* FadeInOutLabel.swift in Sources */,
				2597296C1C22B85A00432C27 /* PlayerBall.swift in Sources */,
				25804DBC1C2407DA00DDFB8E /* Stage4.swift in Sources */,
				25804DC01C241B9300DDFB8E /* Stage5.swift in Sources */,
				2597296E1C22BB7900432C27 /* GoalArea.swift in Sources */,
				259729681C2022B500432C27 /* GameViewController.swift in Sources */,
				259729711C22BD2500432C27 /* Stage1.swift in Sources */,
				25B4CEFD1C1D2D6600E6E9C7 /* AppDelegate.swift in Sources */,
				259729631C20196E00432C27 /* SceneManager.swift in Sources */,
				2597297A1C22CCE200432C27 /* GameScene.swift in Sources */,
				25804DBE1C240F5A00DDFB8E /* Obstacle.swift in Sources */,
				2597297C1C23998500432C27 /* Stage2.swift in Sources */,
				25804DBA1C23B0D100DDFB8E /* HintLabel.swift in Sources */,
				25804DB81C23AD4200DDFB8E /* Stage3.swift in Sources */,
				259729651C201A3100432C27 /* ChangeSceneProtocol.swift in Sources */,
			);
			runOnlyForDeploymentPostprocessing = 0;
		};
		25B4CF0D1C1D2D6600E6E9C7 /* Sources */ = {
			isa = PBXSourcesBuildPhase;
			buildActionMask = 2147483647;
			files = (
				25B4CF161C1D2D6600E6E9C7 /* ColoplGameTests.swift in Sources */,
			);
			runOnlyForDeploymentPostprocessing = 0;
		};
		25B4CF181C1D2D6600E6E9C7 /* Sources */ = {
			isa = PBXSourcesBuildPhase;
			buildActionMask = 2147483647;
			files = (
				25B4CF211C1D2D6600E6E9C7 /* ColoplGameUITests.swift in Sources */,
			);
			runOnlyForDeploymentPostprocessing = 0;
		};
/* End PBXSourcesBuildPhase section */

/* Begin PBXTargetDependency section */
		25B4CF131C1D2D6600E6E9C7 /* PBXTargetDependency */ = {
			isa = PBXTargetDependency;
			target = 25B4CEF81C1D2D6600E6E9C7 /* ColoplGame */;
			targetProxy = 25B4CF121C1D2D6600E6E9C7 /* PBXContainerItemProxy */;
		};
		25B4CF1E1C1D2D6600E6E9C7 /* PBXTargetDependency */ = {
			isa = PBXTargetDependency;
			target = 25B4CEF81C1D2D6600E6E9C7 /* ColoplGame */;
			targetProxy = 25B4CF1D1C1D2D6600E6E9C7 /* PBXContainerItemProxy */;
		};
/* End PBXTargetDependency section */

/* Begin PBXVariantGroup section */
		25B4CF041C1D2D6600E6E9C7 /* Main.storyboard */ = {
			isa = PBXVariantGroup;
			children = (
				25B4CF051C1D2D6600E6E9C7 /* Base */,
			);
			name = Main.storyboard;
			sourceTree = "<group>";
		};
		25B4CF091C1D2D6600E6E9C7 /* LaunchScreen.storyboard */ = {
			isa = PBXVariantGroup;
			children = (
				25B4CF0A1C1D2D6600E6E9C7 /* Base */,
			);
			name = LaunchScreen.storyboard;
			sourceTree = "<group>";
		};
/* End PBXVariantGroup section */

/* Begin XCBuildConfiguration section */
		25B4CF231C1D2D6600E6E9C7 /* Debug */ = {
			isa = XCBuildConfiguration;
			buildSettings = {
				ALWAYS_SEARCH_USER_PATHS = NO;
				CLANG_CXX_LANGUAGE_STANDARD = "gnu++0x";
				CLANG_CXX_LIBRARY = "libc++";
				CLANG_ENABLE_MODULES = YES;
				CLANG_ENABLE_OBJC_ARC = YES;
				CLANG_WARN_BOOL_CONVERSION = YES;
				CLANG_WARN_CONSTANT_CONVERSION = YES;
				CLANG_WARN_DIRECT_OBJC_ISA_USAGE = YES_ERROR;
				CLANG_WARN_EMPTY_BODY = YES;
				CLANG_WARN_ENUM_CONVERSION = YES;
				CLANG_WARN_INT_CONVERSION = YES;
				CLANG_WARN_OBJC_ROOT_CLASS = YES_ERROR;
				CLANG_WARN_UNREACHABLE_CODE = YES;
				CLANG_WARN__DUPLICATE_METHOD_MATCH = YES;
				"CODE_SIGN_IDENTITY[sdk=iphoneos*]" = "iPhone Developer";
				COPY_PHASE_STRIP = NO;
				DEBUG_INFORMATION_FORMAT = "dwarf-with-dsym";
				ENABLE_STRICT_OBJC_MSGSEND = YES;
				ENABLE_TESTABILITY = YES;
				GCC_C_LANGUAGE_STANDARD = gnu99;
				GCC_DYNAMIC_NO_PIC = NO;
				GCC_NO_COMMON_BLOCKS = YES;
				GCC_OPTIMIZATION_LEVEL = 0;
				GCC_PREPROCESSOR_DEFINITIONS = (
					"DEBUG=1",
					"$(inherited)",
				);
				GCC_WARN_64_TO_32_BIT_CONVERSION = YES;
				GCC_WARN_ABOUT_RETURN_TYPE = YES_ERROR;
				GCC_WARN_UNDECLARED_SELECTOR = YES;
				GCC_WARN_UNINITIALIZED_AUTOS = YES_AGGRESSIVE;
				GCC_WARN_UNUSED_FUNCTION = YES;
				GCC_WARN_UNUSED_VARIABLE = YES;
				IPHONEOS_DEPLOYMENT_TARGET = 9.1;
				MTL_ENABLE_DEBUG_INFO = YES;
				ONLY_ACTIVE_ARCH = YES;
				SDKROOT = iphoneos;
				SWIFT_OPTIMIZATION_LEVEL = "-Onone";
			};
			name = Debug;
		};
		25B4CF241C1D2D6600E6E9C7 /* Release */ = {
			isa = XCBuildConfiguration;
			buildSettings = {
				ALWAYS_SEARCH_USER_PATHS = NO;
				CLANG_CXX_LANGUAGE_STANDARD = "gnu++0x";
				CLANG_CXX_LIBRARY = "libc++";
				CLANG_ENABLE_MODULES = YES;
				CLANG_ENABLE_OBJC_ARC = YES;
				CLANG_WARN_BOOL_CONVERSION = YES;
				CLANG_WARN_CONSTANT_CONVERSION = YES;
				CLANG_WARN_DIRECT_OBJC_ISA_USAGE = YES_ERROR;
				CLANG_WARN_EMPTY_BODY = YES;
				CLANG_WARN_ENUM_CONVERSION = YES;
				CLANG_WARN_INT_CONVERSION = YES;
				CLANG_WARN_OBJC_ROOT_CLASS = YES_ERROR;
				CLANG_WARN_UNREACHABLE_CODE = YES;
				CLANG_WARN__DUPLICATE_METHOD_MATCH = YES;
				"CODE_SIGN_IDENTITY[sdk=iphoneos*]" = "iPhone Developer";
				COPY_PHASE_STRIP = NO;
				DEBUG_INFORMATION_FORMAT = "dwarf-with-dsym";
				ENABLE_NS_ASSERTIONS = NO;
				ENABLE_STRICT_OBJC_MSGSEND = YES;
				GCC_C_LANGUAGE_STANDARD = gnu99;
				GCC_NO_COMMON_BLOCKS = YES;
				GCC_WARN_64_TO_32_BIT_CONVERSION = YES;
				GCC_WARN_ABOUT_RETURN_TYPE = YES_ERROR;
				GCC_WARN_UNDECLARED_SELECTOR = YES;
				GCC_WARN_UNINITIALIZED_AUTOS = YES_AGGRESSIVE;
				GCC_WARN_UNUSED_FUNCTION = YES;
				GCC_WARN_UNUSED_VARIABLE = YES;
				IPHONEOS_DEPLOYMENT_TARGET = 9.1;
				MTL_ENABLE_DEBUG_INFO = NO;
				SDKROOT = iphoneos;
				VALIDATE_PRODUCT = YES;
			};
			name = Release;
		};
		25B4CF261C1D2D6600E6E9C7 /* Debug */ = {
			isa = XCBuildConfiguration;
			buildSettings = {
				ASSETCATALOG_COMPILER_APPICON_NAME = AppIcon;
				INFOPLIST_FILE = ColoplGame/Info.plist;
				LD_RUNPATH_SEARCH_PATHS = "$(inherited) @executable_path/Frameworks";
				PRODUCT_BUNDLE_IDENTIFIER = testApp.ColoplGame;
				PRODUCT_NAME = "$(TARGET_NAME)";
			};
			name = Debug;
		};
		25B4CF271C1D2D6600E6E9C7 /* Release */ = {
			isa = XCBuildConfiguration;
			buildSettings = {
				ASSETCATALOG_COMPILER_APPICON_NAME = AppIcon;
				INFOPLIST_FILE = ColoplGame/Info.plist;
				LD_RUNPATH_SEARCH_PATHS = "$(inherited) @executable_path/Frameworks";
				PRODUCT_BUNDLE_IDENTIFIER = testApp.ColoplGame;
				PRODUCT_NAME = "$(TARGET_NAME)";
			};
			name = Release;
		};
		25B4CF291C1D2D6600E6E9C7 /* Debug */ = {
			isa = XCBuildConfiguration;
			buildSettings = {
				BUNDLE_LOADER = "$(TEST_HOST)";
				DEBUG_INFORMATION_FORMAT = dwarf;
				INFOPLIST_FILE = ColoplGameTests/Info.plist;
				LD_RUNPATH_SEARCH_PATHS = "$(inherited) @executable_path/Frameworks @loader_path/Frameworks";
				PRODUCT_BUNDLE_IDENTIFIER = testApp.ColoplGameTests;
				PRODUCT_NAME = "$(TARGET_NAME)";
				TEST_HOST = "$(BUILT_PRODUCTS_DIR)/ColoplGame.app/ColoplGame";
			};
			name = Debug;
		};
		25B4CF2A1C1D2D6600E6E9C7 /* Release */ = {
			isa = XCBuildConfiguration;
			buildSettings = {
				BUNDLE_LOADER = "$(TEST_HOST)";
				INFOPLIST_FILE = ColoplGameTests/Info.plist;
				LD_RUNPATH_SEARCH_PATHS = "$(inherited) @executable_path/Frameworks @loader_path/Frameworks";
				PRODUCT_BUNDLE_IDENTIFIER = testApp.ColoplGameTests;
				PRODUCT_NAME = "$(TARGET_NAME)";
				TEST_HOST = "$(BUILT_PRODUCTS_DIR)/ColoplGame.app/ColoplGame";
			};
			name = Release;
		};
		25B4CF2C1C1D2D6600E6E9C7 /* Debug */ = {
			isa = XCBuildConfiguration;
			buildSettings = {
				DEBUG_INFORMATION_FORMAT = dwarf;
				INFOPLIST_FILE = ColoplGameUITests/Info.plist;
				LD_RUNPATH_SEARCH_PATHS = "$(inherited) @executable_path/Frameworks @loader_path/Frameworks";
				PRODUCT_BUNDLE_IDENTIFIER = testApp.ColoplGameUITests;
				PRODUCT_NAME = "$(TARGET_NAME)";
				TEST_TARGET_NAME = ColoplGame;
				USES_XCTRUNNER = YES;
			};
			name = Debug;
		};
		25B4CF2D1C1D2D6600E6E9C7 /* Release */ = {
			isa = XCBuildConfiguration;
			buildSettings = {
				INFOPLIST_FILE = ColoplGameUITests/Info.plist;
				LD_RUNPATH_SEARCH_PATHS = "$(inherited) @executable_path/Frameworks @loader_path/Frameworks";
				PRODUCT_BUNDLE_IDENTIFIER = testApp.ColoplGameUITests;
				PRODUCT_NAME = "$(TARGET_NAME)";
				TEST_TARGET_NAME = ColoplGame;
				USES_XCTRUNNER = YES;
			};
			name = Release;
		};
/* End XCBuildConfiguration section */

/* Begin XCConfigurationList section */
		25B4CEF41C1D2D6600E6E9C7 /* Build configuration list for PBXProject "ColoplGame" */ = {
			isa = XCConfigurationList;
			buildConfigurations = (
				25B4CF231C1D2D6600E6E9C7 /* Debug */,
				25B4CF241C1D2D6600E6E9C7 /* Release */,
			);
			defaultConfigurationIsVisible = 0;
			defaultConfigurationName = Release;
		};
		25B4CF251C1D2D6600E6E9C7 /* Build configuration list for PBXNativeTarget "ColoplGame" */ = {
			isa = XCConfigurationList;
			buildConfigurations = (
				25B4CF261C1D2D6600E6E9C7 /* Debug */,
				25B4CF271C1D2D6600E6E9C7 /* Release */,
			);
			defaultConfigurationIsVisible = 0;
			defaultConfigurationName = Release;
		};
		25B4CF281C1D2D6600E6E9C7 /* Build configuration list for PBXNativeTarget "ColoplGameTests" */ = {
			isa = XCConfigurationList;
			buildConfigurations = (
				25B4CF291C1D2D6600E6E9C7 /* Debug */,
				25B4CF2A1C1D2D6600E6E9C7 /* Release */,
			);
			defaultConfigurationIsVisible = 0;
			defaultConfigurationName = Release;
		};
		25B4CF2B1C1D2D6600E6E9C7 /* Build configuration list for PBXNativeTarget "ColoplGameUITests" */ = {
			isa = XCConfigurationList;
			buildConfigurations = (
				25B4CF2C1C1D2D6600E6E9C7 /* Debug */,
				25B4CF2D1C1D2D6600E6E9C7 /* Release */,
			);
			defaultConfigurationIsVisible = 0;
			defaultConfigurationName = Release;
		};
/* End XCConfigurationList section */
	};
	rootObject = 25B4CEF11C1D2D6600E6E9C7 /* Project object */;
}
